
Microsoft Visual Studio Solution File, Format Version 12.00
# Visual Studio 14
VisualStudioVersion = 14.0.25420.1
MinimumVisualStudioVersion = 10.0.40219.1
Project("{2150E333-8FDC-42A3-9474-1A3956D46DE8}") = "src", "src", "{DEA2D204-0E36-420C-B470-03135DA9B6CB}"
EndProject
Project("{2150E333-8FDC-42A3-9474-1A3956D46DE8}") = "Solution Items", "Solution Items", "{72170E40-A014-4D93-B4FD-A039837B8BC8}"
	ProjectSection(SolutionItems) = preProject
		global.json = global.json
	EndProjectSection
EndProject
Project("{8BB2217D-0F2D-49D1-97BC-3654ED321F3B}") = "AuctionWeb", "src\AuctionWeb\AuctionWeb.xproj", "{62090BAB-6CD3-401F-980C-20A6975FED56}"
EndProject
Global
	GlobalSection(SolutionConfigurationPlatforms) = preSolution
		Debug|Any CPU = Debug|Any CPU
		Release|Any CPU = Release|Any CPU
	EndGlobalSection
	GlobalSection(ProjectConfigurationPlatforms) = postSolution
		{62090BAB-6CD3-401F-980C-20A6975FED56}.Debug|Any CPU.ActiveCfg = Debug|Any CPU
		{62090BAB-6CD3-401F-980C-20A6975FED56}.Debug|Any CPU.Build.0 = Debug|Any CPU
		{62090BAB-6CD3-401F-980C-20A6975FED56}.Release|Any CPU.ActiveCfg = Release|Any CPU
		{62090BAB-6CD3-401F-980C-20A6975FED56}.Release|Any CPU.Build.0 = Release|Any CPU
	EndGlobalSection
	GlobalSection(SolutionProperties) = preSolution
		HideSolutionNode = FALSE
	EndGlobalSection
	GlobalSection(NestedProjects) = preSolution
		{62090BAB-6CD3-401F-980C-20A6975FED56} = {DEA2D204-0E36-420C-B470-03135DA9B6CB}
	EndGlobalSection
EndGlobal
